
Microsoft Visual Studio Solution File, Format Version 12.00
# Visual Studio 15
Project("{FAE04EC0-301F-11D3-BF4B-00C04F79EFBC}") = "Assembly-CSharp", "Assembly-CSharp.csproj", "{BBB5026F-56B7-AB09-D373-2279DA62784D}"
EndProject
Global
	GlobalSection(SolutionConfigurationPlatforms) = preSolution
		Debug|Any CPU = Debug|Any CPU
		Release|Any CPU = Release|Any CPU
	EndGlobalSection
	GlobalSection(ProjectConfigurationPlatforms) = postSolution
		{BBB5026F-56B7-AB09-D373-2279DA62784D}.Debug|Any CPU.ActiveCfg = Debug|Any CPU
		{BBB5026F-56B7-AB09-D373-2279DA62784D}.Debug|Any CPU.Build.0 = Debug|Any CPU
		{BBB5026F-56B7-AB09-D373-2279DA62784D}.Release|Any CPU.ActiveCfg = Release|Any CPU
		{BBB5026F-56B7-AB09-D373-2279DA62784D}.Release|Any CPU.Build.0 = Release|Any CPU
	EndGlobalSection
	GlobalSection(SolutionProperties) = preSolution
		HideSolutionNode = FALSE
	EndGlobalSection
EndGlobal
